[[package]]
name = "colorama"
version = "0.4.6"
description = "Cross-platform colored terminal text."
category = "main"
optional = false
python-versions = "!=3.0.*,!=3.1.*,!=3.2.*,!=3.3.*,!=3.4.*,!=3.5.*,!=3.6.*,>=2.7"

[[package]]
name = "jdatetime"
version = "4.1.1"
description = "Jalali datetime binding for python"
category = "main"
optional = false
python-versions = ">=3.7"

[metadata]
lock-version = "1.1"
python-versions = "^3.10"
content-hash = "e6250696701e879e62b19560f03c90432c0938c7cd26101a93d9eb55521d1874"

[metadata.files]
colorama = [
    {file = "colorama-0.4.6-py2.py3-none-any.whl", hash = "sha256:4f1d9991f5acc0ca119f9d443620b77f9d6b33703e51011c16baf57afb285fc6"},
    {file = "colorama-0.4.6.tar.gz", hash = "sha256:08695f5cb7ed6e0531a20572697297273c47b8cae5a63ffc6d6ed5c201be6e44"},
]
jdatetime = [
    {file = "jdatetime-4.1.1-py3-none-any.whl", hash = "sha256:8b56c702406eaf84d2ad673c41180488f8c77f156c3ac0630ce0caabaf6af5b8"},
    {file = "jdatetime-4.1.1.tar.gz", hash = "sha256:1dd0ee210160c7bd30002803c443e6260ac602ea65b065652a1d567d3bfdca7a"},
]
